// !$*UTF8*$!
{
	archiveVersion = 1;
	classes = {
	};
	objectVersion = 50;
	objects = {

/* Begin PBXBuildFile section */
		F891715C24DE9E7F0078B80C /* AppDelegate.swift in Sources */ = {isa = PBXBuildFile; fileRef = F891715B24DE9E7F0078B80C /* AppDelegate.swift */; };
		F891715E24DE9E7F0078B80C /* SceneDelegate.swift in Sources */ = {isa = PBXBuildFile; fileRef = F891715D24DE9E7F0078B80C /* SceneDelegate.swift */; };
		F891716024DE9E7F0078B80C /* ViewController.swift in Sources */ = {isa = PBXBuildFile; fileRef = F891715F24DE9E7F0078B80C /* ViewController.swift */; };
		F891716324DE9E7F0078B80C /* Main.storyboard in Resources */ = {isa = PBXBuildFile; fileRef = F891716124DE9E7F0078B80C /* Main.storyboard */; };
		F891716624DE9E7F0078B80C /* RGDropdownTextfield.xcdatamodeld in Sources */ = {isa = PBXBuildFile; fileRef = F891716424DE9E7F0078B80C /* RGDropdownTextfield.xcdatamodeld */; };
		F891716824DE9E810078B80C /* Assets.xcassets in Resources */ = {isa = PBXBuildFile; fileRef = F891716724DE9E810078B80C /* Assets.xcassets */; };
		F891716B24DE9E810078B80C /* LaunchScreen.storyboard in Resources */ = {isa = PBXBuildFile; fileRef = F891716924DE9E810078B80C /* LaunchScreen.storyboard */; };
		F891717624DE9E810078B80C /* RGDropdownTextfieldTests.swift in Sources */ = {isa = PBXBuildFile; fileRef = F891717524DE9E810078B80C /* RGDropdownTextfieldTests.swift */; };
		F891718124DE9E810078B80C /* RGDropdownTextfieldUITests.swift in Sources */ = {isa = PBXBuildFile; fileRef = F891718024DE9E810078B80C /* RGDropdownTextfieldUITests.swift */; };
/* End PBXBuildFile section */

/* Begin PBXContainerItemProxy section */
		F891717224DE9E810078B80C /* PBXContainerItemProxy */ = {
			isa = PBXContainerItemProxy;
			containerPortal = F891715024DE9E7F0078B80C /* Project object */;
			proxyType = 1;
			remoteGlobalIDString = F891715724DE9E7F0078B80C;
			remoteInfo = RGDropdownTextfield;
		};
		F891717D24DE9E810078B80C /* PBXContainerItemProxy */ = {
			isa = PBXContainerItemProxy;
			containerPortal = F891715024DE9E7F0078B80C /* Project object */;
			proxyType = 1;
			remoteGlobalIDString = F891715724DE9E7F0078B80C;
			remoteInfo = RGDropdownTextfield;
		};
/* End PBXContainerItemProxy section */

/* Begin PBXFileReference section */
		F891715824DE9E7F0078B80C /* RGDropdownTextfield.app */ = {isa = PBXFileReference; explicitFileType = wrapper.application; includeInIndex = 0; path = RGDropdownTextfield.app; sourceTree = BUILT_PRODUCTS_DIR; };
		F891715B24DE9E7F0078B80C /* AppDelegate.swift */ = {isa = PBXFileReference; lastKnownFileType = sourcecode.swift; path = AppDelegate.swift; sourceTree = "<group>"; };
		F891715D24DE9E7F0078B80C /* SceneDelegate.swift */ = {isa = PBXFileReference; lastKnownFileType = sourcecode.swift; path = SceneDelegate.swift; sourceTree = "<group>"; };
		F891715F24DE9E7F0078B80C /* ViewController.swift */ = {isa = PBXFileReference; lastKnownFileType = sourcecode.swift; path = ViewController.swift; sourceTree = "<group>"; };
		F891716224DE9E7F0078B80C /* Base */ = {isa = PBXFileReference; lastKnownFileType = file.storyboard; name = Base; path = Base.lproj/Main.storyboard; sourceTree = "<group>"; };
		F891716524DE9E7F0078B80C /* RGDropdownTextfield.xcdatamodel */ = {isa = PBXFileReference; lastKnownFileType = wrapper.xcdatamodel; path = RGDropdownTextfield.xcdatamodel; sourceTree = "<group>"; };
		F891716724DE9E810078B80C /* Assets.xcassets */ = {isa = PBXFileReference; lastKnownFileType = folder.assetcatalog; path = Assets.xcassets; sourceTree = "<group>"; };
		F891716A24DE9E810078B80C /* Base */ = {isa = PBXFileReference; lastKnownFileType = file.storyboard; name = Base; path = Base.lproj/LaunchScreen.storyboard; sourceTree = "<group>"; };
		F891716C24DE9E810078B80C /* Info.plist */ = {isa = PBXFileReference; lastKnownFileType = text.plist.xml; path = Info.plist; sourceTree = "<group>"; };
		F891717124DE9E810078B80C /* RGDropdownTextfieldTests.xctest */ = {isa = PBXFileReference; explicitFileType = wrapper.cfbundle; includeInIndex = 0; path = RGDropdownTextfieldTests.xctest; sourceTree = BUILT_PRODUCTS_DIR; };
		F891717524DE9E810078B80C /* RGDropdownTextfieldTests.swift */ = {isa = PBXFileReference; lastKnownFileType = sourcecode.swift; path = RGDropdownTextfieldTests.swift; sourceTree = "<group>"; };
		F891717724DE9E810078B80C /* Info.plist */ = {isa = PBXFileReference; lastKnownFileType = text.plist.xml; path = Info.plist; sourceTree = "<group>"; };
		F891717C24DE9E810078B80C /* RGDropdownTextfieldUITests.xctest */ = {isa = PBXFileReference; explicitFileType = wrapper.cfbundle; includeInIndex = 0; path = RGDropdownTextfieldUITests.xctest; sourceTree = BUILT_PRODUCTS_DIR; };
		F891718024DE9E810078B80C /* RGDropdownTextfieldUITests.swift */ = {isa = PBXFileReference; lastKnownFileType = sourcecode.swift; path = RGDropdownTextfieldUITests.swift; sourceTree = "<group>"; };
		F891718224DE9E810078B80C /* Info.plist */ = {isa = PBXFileReference; lastKnownFileType = text.plist.xml; path = Info.plist; sourceTree = "<group>"; };
/* End PBXFileReference section */

/* Begin PBXFrameworksBuildPhase section */
		F891715524DE9E7F0078B80C /* Frameworks */ = {
			isa = PBXFrameworksBuildPhase;
			buildActionMask = 2147483647;
			files = (
			);
			runOnlyForDeploymentPostprocessing = 0;
		};
		F891716E24DE9E810078B80C /* Frameworks */ = {
			isa = PBXFrameworksBuildPhase;
			buildActionMask = 2147483647;
			files = (
			);
			runOnlyForDeploymentPostprocessing = 0;
		};
		F891717924DE9E810078B80C /* Frameworks */ = {
			isa = PBXFrameworksBuildPhase;
			buildActionMask = 2147483647;
			files = (
			);
			runOnlyForDeploymentPostprocessing = 0;
		};
/* End PBXFrameworksBuildPhase section */

/* Begin PBXGroup section */
		F891714F24DE9E7F0078B80C = {
			isa = PBXGroup;
			children = (
				F891715A24DE9E7F0078B80C /* RGDropdownTextfield */,
				F891717424DE9E810078B80C /* RGDropdownTextfieldTests */,
				F891717F24DE9E810078B80C /* RGDropdownTextfieldUITests */,
				F891715924DE9E7F0078B80C /* Products */,
			);
			sourceTree = "<group>";
		};
		F891715924DE9E7F0078B80C /* Products */ = {
			isa = PBXGroup;
			children = (
				F891715824DE9E7F0078B80C /* RGDropdownTextfield.app */,
				F891717124DE9E810078B80C /* RGDropdownTextfieldTests.xctest */,
				F891717C24DE9E810078B80C /* RGDropdownTextfieldUITests.xctest */,
			);
			name = Products;
			sourceTree = "<group>";
		};
		F891715A24DE9E7F0078B80C /* RGDropdownTextfield */ = {
			isa = PBXGroup;
			children = (
				F891715B24DE9E7F0078B80C /* AppDelegate.swift */,
				F891715D24DE9E7F0078B80C /* SceneDelegate.swift */,
				F891715F24DE9E7F0078B80C /* ViewController.swift */,
				F891716124DE9E7F0078B80C /* Main.storyboard */,
				F891716724DE9E810078B80C /* Assets.xcassets */,
				F891716924DE9E810078B80C /* LaunchScreen.storyboard */,
				F891716C24DE9E810078B80C /* Info.plist */,
				F891716424DE9E7F0078B80C /* RGDropdownTextfield.xcdatamodeld */,
			);
			path = RGDropdownTextfield;
			sourceTree = "<group>";
		};
		F891717424DE9E810078B80C /* RGDropdownTextfieldTests */ = {
			isa = PBXGroup;
			children = (
				F891717524DE9E810078B80C /* RGDropdownTextfieldTests.swift */,
				F891717724DE9E810078B80C /* Info.plist */,
			);
			path = RGDropdownTextfieldTests;
			sourceTree = "<group>";
		};
		F891717F24DE9E810078B80C /* RGDropdownTextfieldUITests */ = {
			isa = PBXGroup;
			children = (
				F891718024DE9E810078B80C /* RGDropdownTextfieldUITests.swift */,
				F891718224DE9E810078B80C /* Info.plist */,
			);
			path = RGDropdownTextfieldUITests;
			sourceTree = "<group>";
		};
/* End PBXGroup section */

/* Begin PBXNativeTarget section */
		F891715724DE9E7F0078B80C /* RGDropdownTextfield */ = {
			isa = PBXNativeTarget;
			buildConfigurationList = F891718524DE9E810078B80C /* Build configuration list for PBXNativeTarget "RGDropdownTextfield" */;
			buildPhases = (
				F891715424DE9E7F0078B80C /* Sources */,
				F891715524DE9E7F0078B80C /* Frameworks */,
				F891715624DE9E7F0078B80C /* Resources */,
			);
			buildRules = (
			);
			dependencies = (
			);
			name = RGDropdownTextfield;
			productName = RGDropdownTextfield;
			productReference = F891715824DE9E7F0078B80C /* RGDropdownTextfield.app */;
			productType = "com.apple.product-type.application";
		};
		F891717024DE9E810078B80C /* RGDropdownTextfieldTests */ = {
			isa = PBXNativeTarget;
			buildConfigurationList = F891718824DE9E810078B80C /* Build configuration list for PBXNativeTarget "RGDropdownTextfieldTests" */;
			buildPhases = (
				F891716D24DE9E810078B80C /* Sources */,
				F891716E24DE9E810078B80C /* Frameworks */,
				F891716F24DE9E810078B80C /* Resources */,
			);
			buildRules = (
			);
			dependencies = (
				F891717324DE9E810078B80C /* PBXTargetDependency */,
			);
			name = RGDropdownTextfieldTests;
			productName = RGDropdownTextfieldTests;
			productReference = F891717124DE9E810078B80C /* RGDropdownTextfieldTests.xctest */;
			productType = "com.apple.product-type.bundle.unit-test";
		};
		F891717B24DE9E810078B80C /* RGDropdownTextfieldUITests */ = {
			isa = PBXNativeTarget;
			buildConfigurationList = F891718B24DE9E810078B80C /* Build configuration list for PBXNativeTarget "RGDropdownTextfieldUITests" */;
			buildPhases = (
				F891717824DE9E810078B80C /* Sources */,
				F891717924DE9E810078B80C /* Frameworks */,
				F891717A24DE9E810078B80C /* Resources */,
			);
			buildRules = (
			);
			dependencies = (
				F891717E24DE9E810078B80C /* PBXTargetDependency */,
			);
			name = RGDropdownTextfieldUITests;
			productName = RGDropdownTextfieldUITests;
			productReference = F891717C24DE9E810078B80C /* RGDropdownTextfieldUITests.xctest */;
			productType = "com.apple.product-type.bundle.ui-testing";
		};
/* End PBXNativeTarget section */

/* Begin PBXProject section */
		F891715024DE9E7F0078B80C /* Project object */ = {
			isa = PBXProject;
			attributes = {
				LastSwiftUpdateCheck = 1160;
				LastUpgradeCheck = 1160;
				ORGANIZATIONNAME = "Rishu Gupta";
				TargetAttributes = {
					F891715724DE9E7F0078B80C = {
						CreatedOnToolsVersion = 11.6;
					};
					F891717024DE9E810078B80C = {
						CreatedOnToolsVersion = 11.6;
						TestTargetID = F891715724DE9E7F0078B80C;
					};
					F891717B24DE9E810078B80C = {
						CreatedOnToolsVersion = 11.6;
						TestTargetID = F891715724DE9E7F0078B80C;
					};
				};
			};
			buildConfigurationList = F891715324DE9E7F0078B80C /* Build configuration list for PBXProject "RGDropdownTextfield" */;
			compatibilityVersion = "Xcode 9.3";
			developmentRegion = en;
			hasScannedForEncodings = 0;
			knownRegions = (
				en,
				Base,
			);
			mainGroup = F891714F24DE9E7F0078B80C;
			productRefGroup = F891715924DE9E7F0078B80C /* Products */;
			projectDirPath = "";
			projectRoot = "";
			targets = (
				F891715724DE9E7F0078B80C /* RGDropdownTextfield */,
				F891717024DE9E810078B80C /* RGDropdownTextfieldTests */,
				F891717B24DE9E810078B80C /* RGDropdownTextfieldUITests */,
			);
		};
/* End PBXProject section */

/* Begin PBXResourcesBuildPhase section */
		F891715624DE9E7F0078B80C /* Resources */ = {
			isa = PBXResourcesBuildPhase;
			buildActionMask = 2147483647;
			files = (
				F891716B24DE9E810078B80C /* LaunchScreen.storyboard in Resources */,
				F891716824DE9E810078B80C /* Assets.xcassets in Resources */,
				F891716324DE9E7F0078B80C /* Main.storyboard in Resources */,
			);
			runOnlyForDeploymentPostprocessing = 0;
		};
		F891716F24DE9E810078B80C /* Resources */ = {
			isa = PBXResourcesBuildPhase;
			buildActionMask = 2147483647;
			files = (
			);
			runOnlyForDeploymentPostprocessing = 0;
		};
		F891717A24DE9E810078B80C /* Resources */ = {
			isa = PBXResourcesBuildPhase;
			buildActionMask = 2147483647;
			files = (
			);
			runOnlyForDeploymentPostprocessing = 0;
		};
/* End PBXResourcesBuildPhase section */

/* Begin PBXSourcesBuildPhase section */
		F891715424DE9E7F0078B80C /* Sources */ = {
			isa = PBXSourcesBuildPhase;
			buildActionMask = 2147483647;
			files = (
				F891716024DE9E7F0078B80C /* ViewController.swift in Sources */,
				F891715C24DE9E7F0078B80C /* AppDelegate.swift in Sources */,
				F891716624DE9E7F0078B80C /* RGDropdownTextfield.xcdatamodeld in Sources */,
				F891715E24DE9E7F0078B80C /* SceneDelegate.swift in Sources */,
			);
			runOnlyForDeploymentPostprocessing = 0;
		};
		F891716D24DE9E810078B80C /* Sources */ = {
			isa = PBXSourcesBuildPhase;
			buildActionMask = 2147483647;
			files = (
				F891717624DE9E810078B80C /* RGDropdownTextfieldTests.swift in Sources */,
			);
			runOnlyForDeploymentPostprocessing = 0;
		};
		F891717824DE9E810078B80C /* Sources */ = {
			isa = PBXSourcesBuildPhase;
			buildActionMask = 2147483647;
			files = (
				F891718124DE9E810078B80C /* RGDropdownTextfieldUITests.swift in Sources */,
			);
			runOnlyForDeploymentPostprocessing = 0;
		};
/* End PBXSourcesBuildPhase section */

/* Begin PBXTargetDependency section */
		F891717324DE9E810078B80C /* PBXTargetDependency */ = {
			isa = PBXTargetDependency;
			target = F891715724DE9E7F0078B80C /* RGDropdownTextfield */;
			targetProxy = F891717224DE9E810078B80C /* PBXContainerItemProxy */;
		};
		F891717E24DE9E810078B80C /* PBXTargetDependency */ = {
			isa = PBXTargetDependency;
			target = F891715724DE9E7F0078B80C /* RGDropdownTextfield */;
			targetProxy = F891717D24DE9E810078B80C /* PBXContainerItemProxy */;
		};
/* End PBXTargetDependency section */

/* Begin PBXVariantGroup section */
		F891716124DE9E7F0078B80C /* Main.storyboard */ = {
			isa = PBXVariantGroup;
			children = (
				F891716224DE9E7F0078B80C /* Base */,
			);
			name = Main.storyboard;
			sourceTree = "<group>";
		};
		F891716924DE9E810078B80C /* LaunchScreen.storyboard */ = {
			isa = PBXVariantGroup;
			children = (
				F891716A24DE9E810078B80C /* Base */,
			);
			name = LaunchScreen.storyboard;
			sourceTree = "<group>";
		};
/* End PBXVariantGroup section */

/* Begin XCBuildConfiguration section */
		F891718324DE9E810078B80C /* Debug */ = {
			isa = XCBuildConfiguration;
			buildSettings = {
				ALWAYS_SEARCH_USER_PATHS = NO;
				CLANG_ANALYZER_NONNULL = YES;
				CLANG_ANALYZER_NUMBER_OBJECT_CONVERSION = YES_AGGRESSIVE;
				CLANG_CXX_LANGUAGE_STANDARD = "gnu++14";
				CLANG_CXX_LIBRARY = "libc++";
				CLANG_ENABLE_MODULES = YES;
				CLANG_ENABLE_OBJC_ARC = YES;
				CLANG_ENABLE_OBJC_WEAK = YES;
				CLANG_WARN_BLOCK_CAPTURE_AUTORELEASING = YES;
				CLANG_WARN_BOOL_CONVERSION = YES;
				CLANG_WARN_COMMA = YES;
				CLANG_WARN_CONSTANT_CONVERSION = YES;
				CLANG_WARN_DEPRECATED_OBJC_IMPLEMENTATIONS = YES;
				CLANG_WARN_DIRECT_OBJC_ISA_USAGE = YES_ERROR;
				CLANG_WARN_DOCUMENTATION_COMMENTS = YES;
				CLANG_WARN_EMPTY_BODY = YES;
				CLANG_WARN_ENUM_CONVERSION = YES;
				CLANG_WARN_INFINITE_RECURSION = YES;
				CLANG_WARN_INT_CONVERSION = YES;
				CLANG_WARN_NON_LITERAL_NULL_CONVERSION = YES;
				CLANG_WARN_OBJC_IMPLICIT_RETAIN_SELF = YES;
				CLANG_WARN_OBJC_LITERAL_CONVERSION = YES;
				CLANG_WARN_OBJC_ROOT_CLASS = YES_ERROR;
				CLANG_WARN_RANGE_LOOP_ANALYSIS = YES;
				CLANG_WARN_STRICT_PROTOTYPES = YES;
				CLANG_WARN_SUSPICIOUS_MOVE = YES;
				CLANG_WARN_UNGUARDED_AVAILABILITY = YES_AGGRESSIVE;
				CLANG_WARN_UNREACHABLE_CODE = YES;
				CLANG_WARN__DUPLICATE_METHOD_MATCH = YES;
				COPY_PHASE_STRIP = NO;
				DEBUG_INFORMATION_FORMAT = dwarf;
				ENABLE_STRICT_OBJC_MSGSEND = YES;
				ENABLE_TESTABILITY = YES;
				GCC_C_LANGUAGE_STANDARD = gnu11;
				GCC_DYNAMIC_NO_PIC = NO;
				GCC_NO_COMMON_BLOCKS = YES;
				GCC_OPTIMIZATION_LEVEL = 0;
				GCC_PREPROCESSOR_DEFINITIONS = (
					"DEBUG=1",
					"$(inherited)",
				);
				GCC_WARN_64_TO_32_BIT_CONVERSION = YES;
				GCC_WARN_ABOUT_RETURN_TYPE = YES_ERROR;
				GCC_WARN_UNDECLARED_SELECTOR = YES;
				GCC_WARN_UNINITIALIZED_AUTOS = YES_AGGRESSIVE;
				GCC_WARN_UNUSED_FUNCTION = YES;
				GCC_WARN_UNUSED_VARIABLE = YES;
				IPHONEOS_DEPLOYMENT_TARGET = 13.6;
				MTL_ENABLE_DEBUG_INFO = INCLUDE_SOURCE;
				MTL_FAST_MATH = YES;
				ONLY_ACTIVE_ARCH = YES;
				SDKROOT = iphoneos;
				SWIFT_ACTIVE_COMPILATION_CONDITIONS = DEBUG;
				SWIFT_OPTIMIZATION_LEVEL = "-Onone";
			};
			name = Debug;
		};
		F891718424DE9E810078B80C /* Release */ = {
			isa = XCBuildConfiguration;
			buildSettings = {
				ALWAYS_SEARCH_USER_PATHS = NO;
				CLANG_ANALYZER_NONNULL = YES;
				CLANG_ANALYZER_NUMBER_OBJECT_CONVERSION = YES_AGGRESSIVE;
				CLANG_CXX_LANGUAGE_STANDARD = "gnu++14";
				CLANG_CXX_LIBRARY = "libc++";
				CLANG_ENABLE_MODULES = YES;
				CLANG_ENABLE_OBJC_ARC = YES;
				CLANG_ENABLE_OBJC_WEAK = YES;
				CLANG_WARN_BLOCK_CAPTURE_AUTORELEASING = YES;
				CLANG_WARN_BOOL_CONVERSION = YES;
				CLANG_WARN_COMMA = YES;
				CLANG_WARN_CONSTANT_CONVERSION = YES;
				CLANG_WARN_DEPRECATED_OBJC_IMPLEMENTATIONS = YES;
				CLANG_WARN_DIRECT_OBJC_ISA_USAGE = YES_ERROR;
				CLANG_WARN_DOCUMENTATION_COMMENTS = YES;
				CLANG_WARN_EMPTY_BODY = YES;
				CLANG_WARN_ENUM_CONVERSION = YES;
				CLANG_WARN_INFINITE_RECURSION = YES;
				CLANG_WARN_INT_CONVERSION = YES;
				CLANG_WARN_NON_LITERAL_NULL_CONVERSION = YES;
				CLANG_WARN_OBJC_IMPLICIT_RETAIN_SELF = YES;
				CLANG_WARN_OBJC_LITERAL_CONVERSION = YES;
				CLANG_WARN_OBJC_ROOT_CLASS = YES_ERROR;
				CLANG_WARN_RANGE_LOOP_ANALYSIS = YES;
				CLANG_WARN_STRICT_PROTOTYPES = YES;
				CLANG_WARN_SUSPICIOUS_MOVE = YES;
				CLANG_WARN_UNGUARDED_AVAILABILITY = YES_AGGRESSIVE;
				CLANG_WARN_UNREACHABLE_CODE = YES;
				CLANG_WARN__DUPLICATE_METHOD_MATCH = YES;
				COPY_PHASE_STRIP = NO;
				DEBUG_INFORMATION_FORMAT = "dwarf-with-dsym";
				ENABLE_NS_ASSERTIONS = NO;
				ENABLE_STRICT_OBJC_MSGSEND = YES;
				GCC_C_LANGUAGE_STANDARD = gnu11;
				GCC_NO_COMMON_BLOCKS = YES;
				GCC_WARN_64_TO_32_BIT_CONVERSION = YES;
				GCC_WARN_ABOUT_RETURN_TYPE = YES_ERROR;
				GCC_WARN_UNDECLARED_SELECTOR = YES;
				GCC_WARN_UNINITIALIZED_AUTOS = YES_AGGRESSIVE;
				GCC_WARN_UNUSED_FUNCTION = YES;
				GCC_WARN_UNUSED_VARIABLE = YES;
				IPHONEOS_DEPLOYMENT_TARGET = 13.6;
				MTL_ENABLE_DEBUG_INFO = NO;
				MTL_FAST_MATH = YES;
				SDKROOT = iphoneos;
				SWIFT_COMPILATION_MODE = wholemodule;
				SWIFT_OPTIMIZATION_LEVEL = "-O";
				VALIDATE_PRODUCT = YES;
			};
			name = Release;
		};
		F891718624DE9E810078B80C /* Debug */ = {
			isa = XCBuildConfiguration;
			buildSettings = {
				ASSETCATALOG_COMPILER_APPICON_NAME = AppIcon;
				CODE_SIGN_STYLE = Automatic;
				DEVELOPMENT_TEAM = CJBQCSTM9M;
				INFOPLIST_FILE = RGDropdownTextfield/Info.plist;
				LD_RUNPATH_SEARCH_PATHS = (
					"$(inherited)",
					"@executable_path/Frameworks",
				);
				PRODUCT_BUNDLE_IDENTIFIER = com.rishu.RGDropdownTextfield;
				PRODUCT_NAME = "$(TARGET_NAME)";
				SWIFT_VERSION = 5.0;
				TARGETED_DEVICE_FAMILY = "1,2";
			};
			name = Debug;
		};
		F891718724DE9E810078B80C /* Release */ = {
			isa = XCBuildConfiguration;
			buildSettings = {
				ASSETCATALOG_COMPILER_APPICON_NAME = AppIcon;
				CODE_SIGN_STYLE = Automatic;
				DEVELOPMENT_TEAM = CJBQCSTM9M;
				INFOPLIST_FILE = RGDropdownTextfield/Info.plist;
				LD_RUNPATH_SEARCH_PATHS = (
					"$(inherited)",
					"@executable_path/Frameworks",
				);
				PRODUCT_BUNDLE_IDENTIFIER = com.rishu.RGDropdownTextfield;
				PRODUCT_NAME = "$(TARGET_NAME)";
				SWIFT_VERSION = 5.0;
				TARGETED_DEVICE_FAMILY = "1,2";
			};
			name = Release;
		};
		F891718924DE9E810078B80C /* Debug */ = {
			isa = XCBuildConfiguration;
			buildSettings = {
				ALWAYS_EMBED_SWIFT_STANDARD_LIBRARIES = YES;
				BUNDLE_LOADER = "$(TEST_HOST)";
				CODE_SIGN_STYLE = Automatic;
				DEVELOPMENT_TEAM = CJBQCSTM9M;
				INFOPLIST_FILE = RGDropdownTextfieldTests/Info.plist;
				IPHONEOS_DEPLOYMENT_TARGET = 13.6;
				LD_RUNPATH_SEARCH_PATHS = (
					"$(inherited)",
					"@executable_path/Frameworks",
					"@loader_path/Frameworks",
				);
				PRODUCT_BUNDLE_IDENTIFIER = com.rishu.RGDropdownTextfieldTests;
				PRODUCT_NAME = "$(TARGET_NAME)";
				SWIFT_VERSION = 5.0;
				TARGETED_DEVICE_FAMILY = "1,2";
				TEST_HOST = "$(BUILT_PRODUCTS_DIR)/RGDropdownTextfield.app/RGDropdownTextfield";
			};
			name = Debug;
		};
		F891718A24DE9E810078B80C /* Release */ = {
			isa = XCBuildConfiguration;
			buildSettings = {
				ALWAYS_EMBED_SWIFT_STANDARD_LIBRARIES = YES;
				BUNDLE_LOADER = "$(TEST_HOST)";
				CODE_SIGN_STYLE = Automatic;
				DEVELOPMENT_TEAM = CJBQCSTM9M;
				INFOPLIST_FILE = RGDropdownTextfieldTests/Info.plist;
				IPHONEOS_DEPLOYMENT_TARGET = 13.6;
				LD_RUNPATH_SEARCH_PATHS = (
					"$(inherited)",
					"@executable_path/Frameworks",
					"@loader_path/Frameworks",
				);
				PRODUCT_BUNDLE_IDENTIFIER = com.rishu.RGDropdownTextfieldTests;
				PRODUCT_NAME = "$(TARGET_NAME)";
				SWIFT_VERSION = 5.0;
				TARGETED_DEVICE_FAMILY = "1,2";
				TEST_HOST = "$(BUILT_PRODUCTS_DIR)/RGDropdownTextfield.app/RGDropdownTextfield";
			};
			name = Release;
		};
		F891718C24DE9E810078B80C /* Debug */ = {
			isa = XCBuildConfiguration;
			buildSettings = {
				ALWAYS_EMBED_SWIFT_STANDARD_LIBRARIES = YES;
				CODE_SIGN_STYLE = Automatic;
				DEVELOPMENT_TEAM = CJBQCSTM9M;
				INFOPLIST_FILE = RGDropdownTextfieldUITests/Info.plist;
				LD_RUNPATH_SEARCH_PATHS = (
					"$(inherited)",
					"@executable_path/Frameworks",
					"@loader_path/Frameworks",
				);
				PRODUCT_BUNDLE_IDENTIFIER = com.rishu.RGDropdownTextfieldUITests;
				PRODUCT_NAME = "$(TARGET_NAME)";
				SWIFT_VERSION = 5.0;
				TARGETED_DEVICE_FAMILY = "1,2";
				TEST_TARGET_NAME = RGDropdownTextfield;
			};
			name = Debug;
		};
		F891718D24DE9E810078B80C /* Release */ = {
			isa = XCBuildConfiguration;
			buildSettings = {
				ALWAYS_EMBED_SWIFT_STANDARD_LIBRARIES = YES;
				CODE_SIGN_STYLE = Automatic;
				DEVELOPMENT_TEAM = CJBQCSTM9M;
				INFOPLIST_FILE = RGDropdownTextfieldUITests/Info.plist;
				LD_RUNPATH_SEARCH_PATHS = (
					"$(inherited)",
					"@executable_path/Frameworks",
					"@loader_path/Frameworks",
				);
				PRODUCT_BUNDLE_IDENTIFIER = com.rishu.RGDropdownTextfieldUITests;
				PRODUCT_NAME = "$(TARGET_NAME)";
				SWIFT_VERSION = 5.0;
				TARGETED_DEVICE_FAMILY = "1,2";
				TEST_TARGET_NAME = RGDropdownTextfield;
			};
			name = Release;
		};
/* End XCBuildConfiguration section */

/* Begin XCConfigurationList section */
		F891715324DE9E7F0078B80C /* Build configuration list for PBXProject "RGDropdownTextfield" */ = {
			isa = XCConfigurationList;
			buildConfigurations = (
				F891718324DE9E810078B80C /* Debug */,
				F891718424DE9E810078B80C /* Release */,
			);
			defaultConfigurationIsVisible = 0;
			defaultConfigurationName = Release;
		};
		F891718524DE9E810078B80C /* Build configuration list for PBXNativeTarget "RGDropdownTextfield" */ = {
			isa = XCConfigurationList;
			buildConfigurations = (
				F891718624DE9E810078B80C /* Debug */,
				F891718724DE9E810078B80C /* Release */,
			);
			defaultConfigurationIsVisible = 0;
			defaultConfigurationName = Release;
		};
		F891718824DE9E810078B80C /* Build configuration list for PBXNativeTarget "RGDropdownTextfieldTests" */ = {
			isa = XCConfigurationList;
			buildConfigurations = (
				F891718924DE9E810078B80C /* Debug */,
				F891718A24DE9E810078B80C /* Release */,
			);
			defaultConfigurationIsVisible = 0;
			defaultConfigurationName = Release;
		};
		F891718B24DE9E810078B80C /* Build configuration list for PBXNativeTarget "RGDropdownTextfieldUITests" */ = {
			isa = XCConfigurationList;
			buildConfigurations = (
				F891718C24DE9E810078B80C /* Debug */,
				F891718D24DE9E810078B80C /* Release */,
			);
			defaultConfigurationIsVisible = 0;
			defaultConfigurationName = Release;
		};
/* End XCConfigurationList section */

/* Begin XCVersionGroup section */
		F891716424DE9E7F0078B80C /* RGDropdownTextfield.xcdatamodeld */ = {
			isa = XCVersionGroup;
			children = (
				F891716524DE9E7F0078B80C /* RGDropdownTextfield.xcdatamodel */,
			);
			currentVersion = F891716524DE9E7F0078B80C /* RGDropdownTextfield.xcdatamodel */;
			path = RGDropdownTextfield.xcdatamodeld;
			sourceTree = "<group>";
			versionGroupType = wrapper.xcdatamodel;
		};
/* End XCVersionGroup section */
	};
	rootObject = F891715024DE9E7F0078B80C /* Project object */;
}
